
Microsoft Visual Studio Solution File, Format Version 12.00
# Visual Studio 14
VisualStudioVersion = 14.0.25420.1
MinimumVisualStudioVersion = 10.0.40219.1
Project("{2150E333-8FDC-42A3-9474-1A3956D46DE8}") = "Advanced", "Advanced", "{049DF5C9-F9CF-4B39-9E44-FEF30CD0E8E1}"
EndProject
Project("{2150E333-8FDC-42A3-9474-1A3956D46DE8}") = "Stacks And Queues", "Stacks And Queues", "{01D78AE0-6136-48CC-9F4E-1C306669B368}"
	ProjectSection(SolutionItems) = preProject
		C:\Users\Bo\Downloads\Stacks-And-Queues-Exercises.docx = C:\Users\Bo\Downloads\Stacks-And-Queues-Exercises.docx
	EndProjectSection
EndProject
Project("{2150E333-8FDC-42A3-9474-1A3956D46DE8}") = "01 Reverse Numbers In Stack", "01 Reverse Numbers In Stack", "{ECB843F3-B5EC-464E-8964-38A1CE45EDA4}"
EndProject
Project("{FAE04EC0-301F-11D3-BF4B-00C04F79EFBC}") = "ReverseNumbersInStack", "ReverseNumbersInStack\ReverseNumbersInStack.csproj", "{B44FD897-A7BC-4988-86F9-3A0D6EB077E8}"
EndProject
Project("{2150E333-8FDC-42A3-9474-1A3956D46DE8}") = "Database", "Database", "{143C80E0-0BE8-4C0E-B3FD-76126840744C}"
EndProject
Project("{2150E333-8FDC-42A3-9474-1A3956D46DE8}") = "Web", "Web", "{E6FBC505-60C1-428A-A365-EB04AD02A6FB}"
EndProject
Project("{2150E333-8FDC-42A3-9474-1A3956D46DE8}") = "02 Basic Stack Operations", "02 Basic Stack Operations", "{3BDD8378-250B-468B-8775-EDBFBC75F163}"
EndProject
Project("{FAE04EC0-301F-11D3-BF4B-00C04F79EFBC}") = "BasicStackOperations", "BasicStackOperations\BasicStackOperations.csproj", "{6EA59686-30FF-47E4-8BEE-72B22D150A19}"
EndProject
Global
	GlobalSection(SolutionConfigurationPlatforms) = preSolution
		Debug|Any CPU = Debug|Any CPU
		Release|Any CPU = Release|Any CPU
	EndGlobalSection
	GlobalSection(ProjectConfigurationPlatforms) = postSolution
		{B44FD897-A7BC-4988-86F9-3A0D6EB077E8}.Debug|Any CPU.ActiveCfg = Debug|Any CPU
		{B44FD897-A7BC-4988-86F9-3A0D6EB077E8}.Debug|Any CPU.Build.0 = Debug|Any CPU
		{B44FD897-A7BC-4988-86F9-3A0D6EB077E8}.Release|Any CPU.ActiveCfg = Release|Any CPU
		{B44FD897-A7BC-4988-86F9-3A0D6EB077E8}.Release|Any CPU.Build.0 = Release|Any CPU
		{6EA59686-30FF-47E4-8BEE-72B22D150A19}.Debug|Any CPU.ActiveCfg = Debug|Any CPU
		{6EA59686-30FF-47E4-8BEE-72B22D150A19}.Debug|Any CPU.Build.0 = Debug|Any CPU
		{6EA59686-30FF-47E4-8BEE-72B22D150A19}.Release|Any CPU.ActiveCfg = Release|Any CPU
		{6EA59686-30FF-47E4-8BEE-72B22D150A19}.Release|Any CPU.Build.0 = Release|Any CPU
	EndGlobalSection
	GlobalSection(SolutionProperties) = preSolution
		HideSolutionNode = FALSE
	EndGlobalSection
	GlobalSection(NestedProjects) = preSolution
		{01D78AE0-6136-48CC-9F4E-1C306669B368} = {049DF5C9-F9CF-4B39-9E44-FEF30CD0E8E1}
		{ECB843F3-B5EC-464E-8964-38A1CE45EDA4} = {01D78AE0-6136-48CC-9F4E-1C306669B368}
		{B44FD897-A7BC-4988-86F9-3A0D6EB077E8} = {ECB843F3-B5EC-464E-8964-38A1CE45EDA4}
		{3BDD8378-250B-468B-8775-EDBFBC75F163} = {01D78AE0-6136-48CC-9F4E-1C306669B368}
		{6EA59686-30FF-47E4-8BEE-72B22D150A19} = {3BDD8378-250B-468B-8775-EDBFBC75F163}
	EndGlobalSection
EndGlobal
